
Microsoft Visual Studio Solution File, Format Version 12.00
# Visual Studio Version 17
VisualStudioVersion = 17.0.32112.339
MinimumVisualStudioVersion = 10.0.40219.1
Project("{FAE04EC0-301F-11D3-BF4B-00C04F79EFBC}") = "T01. Number Pyramid", "T01. Number Pyramid\T01. Number Pyramid.csproj", "{CC53B08E-ED54-4DF8-B64E-0A41BBD7FC94}"
EndProject
Project("{FAE04EC0-301F-11D3-BF4B-00C04F79EFBC}") = "T02. Equal Sums Even Odd Position", "T02. Equal Sums Even Odd Position\T02. Equal Sums Even Odd Position.csproj", "{099D9219-D6B1-4D43-BC13-AB7872AF4568}"
EndProject
Project("{FAE04EC0-301F-11D3-BF4B-00C04F79EFBC}") = "T03. Sum Prime Non Prime", "T03. Sum Prime Non Prime\T03. Sum Prime Non Prime.csproj", "{5B2329CF-BC62-4134-A7BE-97FC38101DFF}"
EndProject
Project("{FAE04EC0-301F-11D3-BF4B-00C04F79EFBC}") = "T05. Special Numbers", "T05. Special Numbers\T05. Special Numbers.csproj", "{79E23F54-5824-464F-981C-20066E68BA9A}"
EndProject
Project("{FAE04EC0-301F-11D3-BF4B-00C04F79EFBC}") = "T04. Train The Trainers", "T04. Train The Trainers\T04. Train The Trainers.csproj", "{188388E5-B587-437C-B7BA-8CA0169C4A82}"
EndProject
Project("{FAE04EC0-301F-11D3-BF4B-00C04F79EFBC}") = "T06. Cinema Tickets", "T06. Cinema Tickets\T06. Cinema Tickets.csproj", "{470973AC-6724-4DC4-8F45-BE554217F0DF}"
EndProject
Global
	GlobalSection(SolutionConfigurationPlatforms) = preSolution
		Debug|Any CPU = Debug|Any CPU
		Release|Any CPU = Release|Any CPU
	EndGlobalSection
	GlobalSection(ProjectConfigurationPlatforms) = postSolution
		{CC53B08E-ED54-4DF8-B64E-0A41BBD7FC94}.Debug|Any CPU.ActiveCfg = Debug|Any CPU
		{CC53B08E-ED54-4DF8-B64E-0A41BBD7FC94}.Debug|Any CPU.Build.0 = Debug|Any CPU
		{CC53B08E-ED54-4DF8-B64E-0A41BBD7FC94}.Release|Any CPU.ActiveCfg = Release|Any CPU
		{CC53B08E-ED54-4DF8-B64E-0A41BBD7FC94}.Release|Any CPU.Build.0 = Release|Any CPU
		{099D9219-D6B1-4D43-BC13-AB7872AF4568}.Debug|Any CPU.ActiveCfg = Debug|Any CPU
		{099D9219-D6B1-4D43-BC13-AB7872AF4568}.Debug|Any CPU.Build.0 = Debug|Any CPU
		{099D9219-D6B1-4D43-BC13-AB7872AF4568}.Release|Any CPU.ActiveCfg = Release|Any CPU
		{099D9219-D6B1-4D43-BC13-AB7872AF4568}.Release|Any CPU.Build.0 = Release|Any CPU
		{5B2329CF-BC62-4134-A7BE-97FC38101DFF}.Debug|Any CPU.ActiveCfg = Debug|Any CPU
		{5B2329CF-BC62-4134-A7BE-97FC38101DFF}.Debug|Any CPU.Build.0 = Debug|Any CPU
		{5B2329CF-BC62-4134-A7BE-97FC38101DFF}.Release|Any CPU.ActiveCfg = Release|Any CPU
		{5B2329CF-BC62-4134-A7BE-97FC38101DFF}.Release|Any CPU.Build.0 = Release|Any CPU
		{79E23F54-5824-464F-981C-20066E68BA9A}.Debug|Any CPU.ActiveCfg = Debug|Any CPU
		{79E23F54-5824-464F-981C-20066E68BA9A}.Debug|Any CPU.Build.0 = Debug|Any CPU
		{79E23F54-5824-464F-981C-20066E68BA9A}.Release|Any CPU.ActiveCfg = Release|Any CPU
		{79E23F54-5824-464F-981C-20066E68BA9A}.Release|Any CPU.Build.0 = Release|Any CPU
		{188388E5-B587-437C-B7BA-8CA0169C4A82}.Debug|Any CPU.ActiveCfg = Debug|Any CPU
		{188388E5-B587-437C-B7BA-8CA0169C4A82}.Debug|Any CPU.Build.0 = Debug|Any CPU
		{188388E5-B587-437C-B7BA-8CA0169C4A82}.Release|Any CPU.ActiveCfg = Release|Any CPU
		{188388E5-B587-437C-B7BA-8CA0169C4A82}.Release|Any CPU.Build.0 = Release|Any CPU
		{470973AC-6724-4DC4-8F45-BE554217F0DF}.Debug|Any CPU.ActiveCfg = Debug|Any CPU
		{470973AC-6724-4DC4-8F45-BE554217F0DF}.Debug|Any CPU.Build.0 = Debug|Any CPU
		{470973AC-6724-4DC4-8F45-BE554217F0DF}.Release|Any CPU.ActiveCfg = Release|Any CPU
		{470973AC-6724-4DC4-8F45-BE554217F0DF}.Release|Any CPU.Build.0 = Release|Any CPU
	EndGlobalSection
	GlobalSection(SolutionProperties) = preSolution
		HideSolutionNode = FALSE
	EndGlobalSection
	GlobalSection(ExtensibilityGlobals) = postSolution
		SolutionGuid = {C9BDD4F7-EA58-41F1-A9AA-F08060A5E81A}
	EndGlobalSection
EndGlobal
